
Microsoft Visual Studio Solution File, Format Version 11.00
# Visual Studio 2010
Project("{8BC9CEB8-8B4A-11D0-8D11-00A0C91BC942}") = "calc", "asmInCpp\asmInCpp.vcxproj", "{D362E793-DFC0-4663-B31D-5D873A324936}"
EndProject
Project("{8BC9CEB8-8B4A-11D0-8D11-00A0C91BC942}") = "FloatEval", "FloatEval\FloatEval.vcxproj", "{18234A91-5D7F-40B0-9CE0-2C1B63FD09F0}"
EndProject
Project("{8BC9CEB8-8B4A-11D0-8D11-00A0C91BC942}") = "A+B-C", "A+B-C\A+B-C.vcxproj", "{07EEE2FB-1B73-4A35-9F42-E1707E00504F}"
EndProject
Global
	GlobalSection(SolutionConfigurationPlatforms) = preSolution
		Debug|Win32 = Debug|Win32
		Release|Win32 = Release|Win32
	EndGlobalSection
	GlobalSection(ProjectConfigurationPlatforms) = postSolution
		{D362E793-DFC0-4663-B31D-5D873A324936}.Debug|Win32.ActiveCfg = Debug|Win32
		{D362E793-DFC0-4663-B31D-5D873A324936}.Debug|Win32.Build.0 = Debug|Win32
		{D362E793-DFC0-4663-B31D-5D873A324936}.Release|Win32.ActiveCfg = Release|Win32
		{D362E793-DFC0-4663-B31D-5D873A324936}.Release|Win32.Build.0 = Release|Win32
		{18234A91-5D7F-40B0-9CE0-2C1B63FD09F0}.Debug|Win32.ActiveCfg = Debug|Win32
		{18234A91-5D7F-40B0-9CE0-2C1B63FD09F0}.Debug|Win32.Build.0 = Debug|Win32
		{18234A91-5D7F-40B0-9CE0-2C1B63FD09F0}.Release|Win32.ActiveCfg = Release|Win32
		{18234A91-5D7F-40B0-9CE0-2C1B63FD09F0}.Release|Win32.Build.0 = Release|Win32
		{07EEE2FB-1B73-4A35-9F42-E1707E00504F}.Debug|Win32.ActiveCfg = Debug|Win32
		{07EEE2FB-1B73-4A35-9F42-E1707E00504F}.Debug|Win32.Build.0 = Debug|Win32
		{07EEE2FB-1B73-4A35-9F42-E1707E00504F}.Release|Win32.ActiveCfg = Release|Win32
		{07EEE2FB-1B73-4A35-9F42-E1707E00504F}.Release|Win32.Build.0 = Release|Win32
	EndGlobalSection
	GlobalSection(SolutionProperties) = preSolution
		HideSolutionNode = FALSE
	EndGlobalSection
EndGlobal
