
Microsoft Visual Studio Solution File, Format Version 11.00
# Visual Studio 2010
Project("{8BC9CEB8-8B4A-11D0-8D11-00A0C91BC942}") = "q3d", "q3d\q3d.vcxproj", "{090A3FC3-BB26-4530-833D-D67EB5FCBE7B}"
EndProject
Global
	GlobalSection(SolutionConfigurationPlatforms) = preSolution
		Debug|Win32 = Debug|Win32
		Release|Win32 = Release|Win32
	EndGlobalSection
	GlobalSection(ProjectConfigurationPlatforms) = postSolution
		{090A3FC3-BB26-4530-833D-D67EB5FCBE7B}.Debug|Win32.ActiveCfg = Debug|Win32
		{090A3FC3-BB26-4530-833D-D67EB5FCBE7B}.Debug|Win32.Build.0 = Debug|Win32
		{090A3FC3-BB26-4530-833D-D67EB5FCBE7B}.Release|Win32.ActiveCfg = Release|Win32
		{090A3FC3-BB26-4530-833D-D67EB5FCBE7B}.Release|Win32.Build.0 = Release|Win32
	EndGlobalSection
	GlobalSection(SolutionProperties) = preSolution
		HideSolutionNode = FALSE
	EndGlobalSection
EndGlobal
